{
  "name": "js-alogrithims",
  "version": "1.0.1",
  "lockfileVersion": 1,
  "requires": true,
  "dependencies": {
    "@ahmeds.gaafer/js-data-structures": {
      "version": "1.2.0",
      "resolved": "https://registry.npmjs.org/@ahmeds.gaafer/js-data-structures/-/js-data-structures-1.2.0.tgz",
      "integrity": "sha512-FSghrhDlg8Qh3g0C2rjXz9S6KJPjN8VTgcgv6TMsgGeXsIb8WuBaIuTjLGv1kqBbNr4+aFp3Fvc5DSrLb+QkwA=="
    }
  }
}
